{
  "originHash" : "afd3a377127a52c45399740ce04d429e6aaca6c0b3b2315a7ec342e540c82feb",
  "pins" : [
    {
      "identity" : "swiftarchitecture",
      "kind" : "remoteSourceControl",
      "location" : "https://github.com/YaroslavTrachIgor/SwiftArchitecture",
      "state" : {
        "branch" : "main",
        "revision" : "c81679303040f3b8ece713caef0ba963983e3385"
      }
    }
  ],
  "version" : 3
}
